// !$*UTF8*$!
{
	archiveVersion = 1;
	classes = {
	};
	objectVersion = 56;
	objects = {

/* Begin PBXBuildFile section */
		086013352990FB1D00B9F1F9 /* AppDelegate.swift in Sources */ = {isa = PBXBuildFile; fileRef = 086013342990FB1D00B9F1F9 /* AppDelegate.swift */; };
		086013372990FB1D00B9F1F9 /* SceneDelegate.swift in Sources */ = {isa = PBXBuildFile; fileRef = 086013362990FB1D00B9F1F9 /* SceneDelegate.swift */; };
		086013392990FB1D00B9F1F9 /* ConversationsViewController.swift in Sources */ = {isa = PBXBuildFile; fileRef = 086013382990FB1D00B9F1F9 /* ConversationsViewController.swift */; };
		0860133C2990FB1D00B9F1F9 /* Main.storyboard in Resources */ = {isa = PBXBuildFile; fileRef = 0860133A2990FB1D00B9F1F9 /* Main.storyboard */; };
		0860133E2990FB1E00B9F1F9 /* Assets.xcassets in Resources */ = {isa = PBXBuildFile; fileRef = 0860133D2990FB1E00B9F1F9 /* Assets.xcassets */; };
		086013412990FB1E00B9F1F9 /* LaunchScreen.storyboard in Resources */ = {isa = PBXBuildFile; fileRef = 0860133F2990FB1E00B9F1F9 /* LaunchScreen.storyboard */; };
		086013502991037300B9F1F9 /* LoginViewController.swift in Sources */ = {isa = PBXBuildFile; fileRef = 0860134F2991037200B9F1F9 /* LoginViewController.swift */; };
		08601352299103A200B9F1F9 /* RegisterViewController.swift in Sources */ = {isa = PBXBuildFile; fileRef = 08601351299103A200B9F1F9 /* RegisterViewController.swift */; };
		08601354299103FA00B9F1F9 /* PhotoViewerViewController.swift in Sources */ = {isa = PBXBuildFile; fileRef = 08601353299103FA00B9F1F9 /* PhotoViewerViewController.swift */; };
		086013562991042A00B9F1F9 /* VideoPlayerViewController.swift in Sources */ = {isa = PBXBuildFile; fileRef = 086013552991042A00B9F1F9 /* VideoPlayerViewController.swift */; };
		086013582991048300B9F1F9 /* NewConversationViewController.swift in Sources */ = {isa = PBXBuildFile; fileRef = 086013572991048300B9F1F9 /* NewConversationViewController.swift */; };
		0860135A299104BF00B9F1F9 /* ProfileViewController.swift in Sources */ = {isa = PBXBuildFile; fileRef = 08601359299104BF00B9F1F9 /* ProfileViewController.swift */; };
		0860135D29911CE600B9F1F9 /* AutField.swift in Sources */ = {isa = PBXBuildFile; fileRef = 0860135C29911CE600B9F1F9 /* AutField.swift */; };
		0860135F299148A600B9F1F9 /* GoogleService-Info.plist in Resources */ = {isa = PBXBuildFile; fileRef = 0860135E299148A600B9F1F9 /* GoogleService-Info.plist */; };
		0860136129914DCF00B9F1F9 /* AuthManager.swift in Sources */ = {isa = PBXBuildFile; fileRef = 0860136029914DCF00B9F1F9 /* AuthManager.swift */; };
		0860136329917E5500B9F1F9 /* DatabaseManager.swift in Sources */ = {isa = PBXBuildFile; fileRef = 0860136229917E5500B9F1F9 /* DatabaseManager.swift */; };
		0860136529918AE700B9F1F9 /* ChatAppUser.swift in Sources */ = {isa = PBXBuildFile; fileRef = 0860136429918AE700B9F1F9 /* ChatAppUser.swift */; };
		08601368299260F700B9F1F9 /* ChatViewController.swift in Sources */ = {isa = PBXBuildFile; fileRef = 08601367299260F700B9F1F9 /* ChatViewController.swift */; };
		0860136C2992639000B9F1F9 /* Message.swift in Sources */ = {isa = PBXBuildFile; fileRef = 0860136B2992639000B9F1F9 /* Message.swift */; };
		0860136F2992648C00B9F1F9 /* Sender.swift in Sources */ = {isa = PBXBuildFile; fileRef = 0860136E2992648C00B9F1F9 /* Sender.swift */; };
		08601371299295EF00B9F1F9 /* FBStorageManager.swift in Sources */ = {isa = PBXBuildFile; fileRef = 08601370299295EF00B9F1F9 /* FBStorageManager.swift */; };
		086013732992A6A300B9F1F9 /* more.jpeg in Resources */ = {isa = PBXBuildFile; fileRef = 086013722992A6A300B9F1F9 /* more.jpeg */; };
		7F062E7033974240096BD07A /* Pods_Messenger.framework in Frameworks */ = {isa = PBXBuildFile; fileRef = A290FBD35A5AB29FB47D5A82 /* Pods_Messenger.framework */; };
/* End PBXBuildFile section */

/* Begin PBXFileReference section */
		086013312990FB1D00B9F1F9 /* Messenger.app */ = {isa = PBXFileReference; explicitFileType = wrapper.application; includeInIndex = 0; path = Messenger.app; sourceTree = BUILT_PRODUCTS_DIR; };
		086013342990FB1D00B9F1F9 /* AppDelegate.swift */ = {isa = PBXFileReference; lastKnownFileType = sourcecode.swift; path = AppDelegate.swift; sourceTree = "<group>"; };
		086013362990FB1D00B9F1F9 /* SceneDelegate.swift */ = {isa = PBXFileReference; lastKnownFileType = sourcecode.swift; path = SceneDelegate.swift; sourceTree = "<group>"; };
		086013382990FB1D00B9F1F9 /* ConversationsViewController.swift */ = {isa = PBXFileReference; lastKnownFileType = sourcecode.swift; path = ConversationsViewController.swift; sourceTree = "<group>"; };
		0860133B2990FB1D00B9F1F9 /* Base */ = {isa = PBXFileReference; lastKnownFileType = file.storyboard; name = Base; path = Base.lproj/Main.storyboard; sourceTree = "<group>"; };
		0860133D2990FB1E00B9F1F9 /* Assets.xcassets */ = {isa = PBXFileReference; lastKnownFileType = folder.assetcatalog; path = Assets.xcassets; sourceTree = "<group>"; };
		086013402990FB1E00B9F1F9 /* Base */ = {isa = PBXFileReference; lastKnownFileType = file.storyboard; name = Base; path = Base.lproj/LaunchScreen.storyboard; sourceTree = "<group>"; };
		086013422990FB1E00B9F1F9 /* Info.plist */ = {isa = PBXFileReference; lastKnownFileType = text.plist.xml; path = Info.plist; sourceTree = "<group>"; };
		0860134F2991037200B9F1F9 /* LoginViewController.swift */ = {isa = PBXFileReference; lastKnownFileType = sourcecode.swift; path = LoginViewController.swift; sourceTree = "<group>"; };
		08601351299103A200B9F1F9 /* RegisterViewController.swift */ = {isa = PBXFileReference; lastKnownFileType = sourcecode.swift; path = RegisterViewController.swift; sourceTree = "<group>"; };
		08601353299103FA00B9F1F9 /* PhotoViewerViewController.swift */ = {isa = PBXFileReference; lastKnownFileType = sourcecode.swift; path = PhotoViewerViewController.swift; sourceTree = "<group>"; };
		086013552991042A00B9F1F9 /* VideoPlayerViewController.swift */ = {isa = PBXFileReference; lastKnownFileType = sourcecode.swift; path = VideoPlayerViewController.swift; sourceTree = "<group>"; };
		086013572991048300B9F1F9 /* NewConversationViewController.swift */ = {isa = PBXFileReference; lastKnownFileType = sourcecode.swift; path = NewConversationViewController.swift; sourceTree = "<group>"; };
		08601359299104BF00B9F1F9 /* ProfileViewController.swift */ = {isa = PBXFileReference; lastKnownFileType = sourcecode.swift; path = ProfileViewController.swift; sourceTree = "<group>"; };
		0860135C29911CE600B9F1F9 /* AutField.swift */ = {isa = PBXFileReference; lastKnownFileType = sourcecode.swift; path = AutField.swift; sourceTree = "<group>"; };
		0860135E299148A600B9F1F9 /* GoogleService-Info.plist */ = {isa = PBXFileReference; fileEncoding = 4; lastKnownFileType = text.plist.xml; name = "GoogleService-Info.plist"; path = "../../../../../Downloads/GoogleService-Info.plist"; sourceTree = "<group>"; };
		0860136029914DCF00B9F1F9 /* AuthManager.swift */ = {isa = PBXFileReference; lastKnownFileType = sourcecode.swift; path = AuthManager.swift; sourceTree = "<group>"; };
		0860136229917E5500B9F1F9 /* DatabaseManager.swift */ = {isa = PBXFileReference; lastKnownFileType = sourcecode.swift; path = DatabaseManager.swift; sourceTree = "<group>"; };
		0860136429918AE700B9F1F9 /* ChatAppUser.swift */ = {isa = PBXFileReference; lastKnownFileType = sourcecode.swift; path = ChatAppUser.swift; sourceTree = "<group>"; };
		08601367299260F700B9F1F9 /* ChatViewController.swift */ = {isa = PBXFileReference; lastKnownFileType = sourcecode.swift; path = ChatViewController.swift; sourceTree = "<group>"; };
		0860136B2992639000B9F1F9 /* Message.swift */ = {isa = PBXFileReference; lastKnownFileType = sourcecode.swift; path = Message.swift; sourceTree = "<group>"; };
		0860136E2992648C00B9F1F9 /* Sender.swift */ = {isa = PBXFileReference; lastKnownFileType = sourcecode.swift; path = Sender.swift; sourceTree = "<group>"; };
		08601370299295EF00B9F1F9 /* FBStorageManager.swift */ = {isa = PBXFileReference; lastKnownFileType = sourcecode.swift; path = FBStorageManager.swift; sourceTree = "<group>"; };
		086013722992A6A300B9F1F9 /* more.jpeg */ = {isa = PBXFileReference; lastKnownFileType = image.jpeg; name = more.jpeg; path = ../../../more.jpeg; sourceTree = "<group>"; };
		A290FBD35A5AB29FB47D5A82 /* Pods_Messenger.framework */ = {isa = PBXFileReference; explicitFileType = wrapper.framework; includeInIndex = 0; path = Pods_Messenger.framework; sourceTree = BUILT_PRODUCTS_DIR; };
		A72DAAC6E1255945D53C27BD /* Pods-Messenger.release.xcconfig */ = {isa = PBXFileReference; includeInIndex = 1; lastKnownFileType = text.xcconfig; name = "Pods-Messenger.release.xcconfig"; path = "Target Support Files/Pods-Messenger/Pods-Messenger.release.xcconfig"; sourceTree = "<group>"; };
		B8E5F3F8E17AE694CBB67C33 /* Pods-Messenger.debug.xcconfig */ = {isa = PBXFileReference; includeInIndex = 1; lastKnownFileType = text.xcconfig; name = "Pods-Messenger.debug.xcconfig"; path = "Target Support Files/Pods-Messenger/Pods-Messenger.debug.xcconfig"; sourceTree = "<group>"; };
/* End PBXFileReference section */

/* Begin PBXFrameworksBuildPhase section */
		0860132E2990FB1D00B9F1F9 /* Frameworks */ = {
			isa = PBXFrameworksBuildPhase;
			buildActionMask = 2147483647;
			files = (
				7F062E7033974240096BD07A /* Pods_Messenger.framework in Frameworks */,
			);
			runOnlyForDeploymentPostprocessing = 0;
		};
/* End PBXFrameworksBuildPhase section */

/* Begin PBXGroup section */
		086013282990FB1D00B9F1F9 = {
			isa = PBXGroup;
			children = (
				086013332990FB1D00B9F1F9 /* Messenger */,
				086013322990FB1D00B9F1F9 /* Products */,
				086013722992A6A300B9F1F9 /* more.jpeg */,
				57652E12474C992AA6D3F610 /* Pods */,
				13B05564699FB71CA7D71CA6 /* Frameworks */,
			);
			sourceTree = "<group>";
		};
		086013322990FB1D00B9F1F9 /* Products */ = {
			isa = PBXGroup;
			children = (
				086013312990FB1D00B9F1F9 /* Messenger.app */,
			);
			name = Products;
			sourceTree = "<group>";
		};
		086013332990FB1D00B9F1F9 /* Messenger */ = {
			isa = PBXGroup;
			children = (
				086013482991002A00B9F1F9 /* App */,
				0860134D2991009700B9F1F9 /* Resources */,
				0860134C2991007A00B9F1F9 /* Controllers */,
				0860134B2991005E00B9F1F9 /* Model */,
				086013492991003B00B9F1F9 /* Views */,
				08601366299254B400B9F1F9 /* Managers */,
				086013422990FB1E00B9F1F9 /* Info.plist */,
				0860135E299148A600B9F1F9 /* GoogleService-Info.plist */,
			);
			path = Messenger;
			sourceTree = "<group>";
		};
		086013482991002A00B9F1F9 /* App */ = {
			isa = PBXGroup;
			children = (
				086013342990FB1D00B9F1F9 /* AppDelegate.swift */,
				086013362990FB1D00B9F1F9 /* SceneDelegate.swift */,
			);
			path = App;
			sourceTree = "<group>";
		};
		086013492991003B00B9F1F9 /* Views */ = {
			isa = PBXGroup;
			children = (
				0860134E2991011F00B9F1F9 /* StoryBoards */,
				0860135C29911CE600B9F1F9 /* AutField.swift */,
			);
			path = Views;
			sourceTree = "<group>";
		};
		0860134B2991005E00B9F1F9 /* Model */ = {
			isa = PBXGroup;
			children = (
				0860136429918AE700B9F1F9 /* ChatAppUser.swift */,
			);
			path = Model;
			sourceTree = "<group>";
		};
		0860134C2991007A00B9F1F9 /* Controllers */ = {
			isa = PBXGroup;
			children = (
				086013692992635E00B9F1F9 /* Chat */,
				086013382990FB1D00B9F1F9 /* ConversationsViewController.swift */,
				08601359299104BF00B9F1F9 /* ProfileViewController.swift */,
				086013572991048300B9F1F9 /* NewConversationViewController.swift */,
				0860135B2991075F00B9F1F9 /* Login */,
				08601353299103FA00B9F1F9 /* PhotoViewerViewController.swift */,
				086013552991042A00B9F1F9 /* VideoPlayerViewController.swift */,
			);
			path = Controllers;
			sourceTree = "<group>";
		};
		0860134D2991009700B9F1F9 /* Resources */ = {
			isa = PBXGroup;
			children = (
				0860133D2990FB1E00B9F1F9 /* Assets.xcassets */,
			);
			path = Resources;
			sourceTree = "<group>";
		};
		0860134E2991011F00B9F1F9 /* StoryBoards */ = {
			isa = PBXGroup;
			children = (
				0860133A2990FB1D00B9F1F9 /* Main.storyboard */,
				0860133F2990FB1E00B9F1F9 /* LaunchScreen.storyboard */,
			);
			path = StoryBoards;
			sourceTree = "<group>";
		};
		0860135B2991075F00B9F1F9 /* Login */ = {
			isa = PBXGroup;
			children = (
				0860134F2991037200B9F1F9 /* LoginViewController.swift */,
				08601351299103A200B9F1F9 /* RegisterViewController.swift */,
			);
			path = Login;
			sourceTree = "<group>";
		};
		08601366299254B400B9F1F9 /* Managers */ = {
			isa = PBXGroup;
			children = (
				0860136029914DCF00B9F1F9 /* AuthManager.swift */,
				0860136229917E5500B9F1F9 /* DatabaseManager.swift */,
				08601370299295EF00B9F1F9 /* FBStorageManager.swift */,
			);
			path = Managers;
			sourceTree = "<group>";
		};
		086013692992635E00B9F1F9 /* Chat */ = {
			isa = PBXGroup;
			children = (
				0860136A2992637F00B9F1F9 /* Model */,
				0860136D2992641400B9F1F9 /* View */,
			);
			path = Chat;
			sourceTree = "<group>";
		};
		0860136A2992637F00B9F1F9 /* Model */ = {
			isa = PBXGroup;
			children = (
				0860136B2992639000B9F1F9 /* Message.swift */,
				0860136E2992648C00B9F1F9 /* Sender.swift */,
			);
			path = Model;
			sourceTree = "<group>";
		};
		0860136D2992641400B9F1F9 /* View */ = {
			isa = PBXGroup;
			children = (
				08601367299260F700B9F1F9 /* ChatViewController.swift */,
			);
			path = View;
			sourceTree = "<group>";
		};
		13B05564699FB71CA7D71CA6 /* Frameworks */ = {
			isa = PBXGroup;
			children = (
				A290FBD35A5AB29FB47D5A82 /* Pods_Messenger.framework */,
			);
			name = Frameworks;
			sourceTree = "<group>";
		};
		57652E12474C992AA6D3F610 /* Pods */ = {
			isa = PBXGroup;
			children = (
				B8E5F3F8E17AE694CBB67C33 /* Pods-Messenger.debug.xcconfig */,
				A72DAAC6E1255945D53C27BD /* Pods-Messenger.release.xcconfig */,
			);
			path = Pods;
			sourceTree = "<group>";
		};
/* End PBXGroup section */

/* Begin PBXNativeTarget section */
		086013302990FB1D00B9F1F9 /* Messenger */ = {
			isa = PBXNativeTarget;
			buildConfigurationList = 086013452990FB1E00B9F1F9 /* Build configuration list for PBXNativeTarget "Messenger" */;
			buildPhases = (
				5818EE0775C1C76DAFE14F5F /* [CP] Check Pods Manifest.lock */,
				0860132D2990FB1D00B9F1F9 /* Sources */,
				0860132E2990FB1D00B9F1F9 /* Frameworks */,
				0860132F2990FB1D00B9F1F9 /* Resources */,
				AE25D2D19B7BEBC8548D04F4 /* [CP] Embed Pods Frameworks */,
			);
			buildRules = (
			);
			dependencies = (
			);
			name = Messenger;
			productName = Messenger;
			productReference = 086013312990FB1D00B9F1F9 /* Messenger.app */;
			productType = "com.apple.product-type.application";
		};
/* End PBXNativeTarget section */

/* Begin PBXProject section */
		086013292990FB1D00B9F1F9 /* Project object */ = {
			isa = PBXProject;
			attributes = {
				BuildIndependentTargetsInParallel = 1;
				LastSwiftUpdateCheck = 1420;
				LastUpgradeCheck = 1420;
				TargetAttributes = {
					086013302990FB1D00B9F1F9 = {
						CreatedOnToolsVersion = 14.2;
					};
				};
			};
			buildConfigurationList = 0860132C2990FB1D00B9F1F9 /* Build configuration list for PBXProject "Messenger" */;
			compatibilityVersion = "Xcode 14.0";
			developmentRegion = en;
			hasScannedForEncodings = 0;
			knownRegions = (
				en,
				Base,
			);
			mainGroup = 086013282990FB1D00B9F1F9;
			productRefGroup = 086013322990FB1D00B9F1F9 /* Products */;
			projectDirPath = "";
			projectRoot = "";
			targets = (
				086013302990FB1D00B9F1F9 /* Messenger */,
			);
		};
/* End PBXProject section */

/* Begin PBXResourcesBuildPhase section */
		0860132F2990FB1D00B9F1F9 /* Resources */ = {
			isa = PBXResourcesBuildPhase;
			buildActionMask = 2147483647;
			files = (
				086013412990FB1E00B9F1F9 /* LaunchScreen.storyboard in Resources */,
				0860135F299148A600B9F1F9 /* GoogleService-Info.plist in Resources */,
				086013732992A6A300B9F1F9 /* more.jpeg in Resources */,
				0860133E2990FB1E00B9F1F9 /* Assets.xcassets in Resources */,
				0860133C2990FB1D00B9F1F9 /* Main.storyboard in Resources */,
			);
			runOnlyForDeploymentPostprocessing = 0;
		};
/* End PBXResourcesBuildPhase section */

/* Begin PBXShellScriptBuildPhase section */
		5818EE0775C1C76DAFE14F5F /* [CP] Check Pods Manifest.lock */ = {
			isa = PBXShellScriptBuildPhase;
			buildActionMask = 2147483647;
			files = (
			);
			inputFileListPaths = (
			);
			inputPaths = (
				"${PODS_PODFILE_DIR_PATH}/Podfile.lock",
				"${PODS_ROOT}/Manifest.lock",
			);
			name = "[CP] Check Pods Manifest.lock";
			outputFileListPaths = (
			);
			outputPaths = (
				"$(DERIVED_FILE_DIR)/Pods-Messenger-checkManifestLockResult.txt",
			);
			runOnlyForDeploymentPostprocessing = 0;
			shellPath = /bin/sh;
			shellScript = "diff \"${PODS_PODFILE_DIR_PATH}/Podfile.lock\" \"${PODS_ROOT}/Manifest.lock\" > /dev/null\nif [ $? != 0 ] ; then\n    # print error to STDERR\n    echo \"error: The sandbox is not in sync with the Podfile.lock. Run 'pod install' or update your CocoaPods installation.\" >&2\n    exit 1\nfi\n# This output is used by Xcode 'outputs' to avoid re-running this script phase.\necho \"SUCCESS\" > \"${SCRIPT_OUTPUT_FILE_0}\"\n";
			showEnvVarsInLog = 0;
		};
		AE25D2D19B7BEBC8548D04F4 /* [CP] Embed Pods Frameworks */ = {
			isa = PBXShellScriptBuildPhase;
			buildActionMask = 2147483647;
			files = (
			);
			inputFileListPaths = (
				"${PODS_ROOT}/Target Support Files/Pods-Messenger/Pods-Messenger-frameworks-${CONFIGURATION}-input-files.xcfilelist",
			);
			name = "[CP] Embed Pods Frameworks";
			outputFileListPaths = (
				"${PODS_ROOT}/Target Support Files/Pods-Messenger/Pods-Messenger-frameworks-${CONFIGURATION}-output-files.xcfilelist",
			);
			runOnlyForDeploymentPostprocessing = 0;
			shellPath = /bin/sh;
			shellScript = "\"${PODS_ROOT}/Target Support Files/Pods-Messenger/Pods-Messenger-frameworks.sh\"\n";
			showEnvVarsInLog = 0;
		};
/* End PBXShellScriptBuildPhase section */

/* Begin PBXSourcesBuildPhase section */
		0860132D2990FB1D00B9F1F9 /* Sources */ = {
			isa = PBXSourcesBuildPhase;
			buildActionMask = 2147483647;
			files = (
				0860136529918AE700B9F1F9 /* ChatAppUser.swift in Sources */,
				086013502991037300B9F1F9 /* LoginViewController.swift in Sources */,
				08601352299103A200B9F1F9 /* RegisterViewController.swift in Sources */,
				086013582991048300B9F1F9 /* NewConversationViewController.swift in Sources */,
				086013392990FB1D00B9F1F9 /* ConversationsViewController.swift in Sources */,
				086013562991042A00B9F1F9 /* VideoPlayerViewController.swift in Sources */,
				086013352990FB1D00B9F1F9 /* AppDelegate.swift in Sources */,
				0860135A299104BF00B9F1F9 /* ProfileViewController.swift in Sources */,
				0860136F2992648C00B9F1F9 /* Sender.swift in Sources */,
				0860135D29911CE600B9F1F9 /* AutField.swift in Sources */,
				0860136329917E5500B9F1F9 /* DatabaseManager.swift in Sources */,
				08601371299295EF00B9F1F9 /* FBStorageManager.swift in Sources */,
				0860136C2992639000B9F1F9 /* Message.swift in Sources */,
				08601368299260F700B9F1F9 /* ChatViewController.swift in Sources */,
				086013372990FB1D00B9F1F9 /* SceneDelegate.swift in Sources */,
				08601354299103FA00B9F1F9 /* PhotoViewerViewController.swift in Sources */,
				0860136129914DCF00B9F1F9 /* AuthManager.swift in Sources */,
			);
			runOnlyForDeploymentPostprocessing = 0;
		};
/* End PBXSourcesBuildPhase section */

/* Begin PBXVariantGroup section */
		0860133A2990FB1D00B9F1F9 /* Main.storyboard */ = {
			isa = PBXVariantGroup;
			children = (
				0860133B2990FB1D00B9F1F9 /* Base */,
			);
			name = Main.storyboard;
			sourceTree = "<group>";
		};
		0860133F2990FB1E00B9F1F9 /* LaunchScreen.storyboard */ = {
			isa = PBXVariantGroup;
			children = (
				086013402990FB1E00B9F1F9 /* Base */,
			);
			name = LaunchScreen.storyboard;
			sourceTree = "<group>";
		};
/* End PBXVariantGroup section */

/* Begin XCBuildConfiguration section */
		086013432990FB1E00B9F1F9 /* Debug */ = {
			isa = XCBuildConfiguration;
			buildSettings = {
				ALWAYS_SEARCH_USER_PATHS = NO;
				CLANG_ANALYZER_NONNULL = YES;
				CLANG_ANALYZER_NUMBER_OBJECT_CONVERSION = YES_AGGRESSIVE;
				CLANG_CXX_LANGUAGE_STANDARD = "gnu++20";
				CLANG_ENABLE_MODULES = YES;
				CLANG_ENABLE_OBJC_ARC = YES;
				CLANG_ENABLE_OBJC_WEAK = YES;
				CLANG_WARN_BLOCK_CAPTURE_AUTORELEASING = YES;
				CLANG_WARN_BOOL_CONVERSION = YES;
				CLANG_WARN_COMMA = YES;
				CLANG_WARN_CONSTANT_CONVERSION = YES;
				CLANG_WARN_DEPRECATED_OBJC_IMPLEMENTATIONS = YES;
				CLANG_WARN_DIRECT_OBJC_ISA_USAGE = YES_ERROR;
				CLANG_WARN_DOCUMENTATION_COMMENTS = YES;
				CLANG_WARN_EMPTY_BODY = YES;
				CLANG_WARN_ENUM_CONVERSION = YES;
				CLANG_WARN_INFINITE_RECURSION = YES;
				CLANG_WARN_INT_CONVERSION = YES;
				CLANG_WARN_NON_LITERAL_NULL_CONVERSION = YES;
				CLANG_WARN_OBJC_IMPLICIT_RETAIN_SELF = YES;
				CLANG_WARN_OBJC_LITERAL_CONVERSION = YES;
				CLANG_WARN_OBJC_ROOT_CLASS = YES_ERROR;
				CLANG_WARN_QUOTED_INCLUDE_IN_FRAMEWORK_HEADER = YES;
				CLANG_WARN_RANGE_LOOP_ANALYSIS = YES;
				CLANG_WARN_STRICT_PROTOTYPES = YES;
				CLANG_WARN_SUSPICIOUS_MOVE = YES;
				CLANG_WARN_UNGUARDED_AVAILABILITY = YES_AGGRESSIVE;
				CLANG_WARN_UNREACHABLE_CODE = YES;
				CLANG_WARN__DUPLICATE_METHOD_MATCH = YES;
				COPY_PHASE_STRIP = NO;
				DEBUG_INFORMATION_FORMAT = dwarf;
				ENABLE_STRICT_OBJC_MSGSEND = YES;
				ENABLE_TESTABILITY = YES;
				GCC_C_LANGUAGE_STANDARD = gnu11;
				GCC_DYNAMIC_NO_PIC = NO;
				GCC_NO_COMMON_BLOCKS = YES;
				GCC_OPTIMIZATION_LEVEL = 0;
				GCC_PREPROCESSOR_DEFINITIONS = (
					"DEBUG=1",
					"$(inherited)",
				);
				GCC_WARN_64_TO_32_BIT_CONVERSION = YES;
				GCC_WARN_ABOUT_RETURN_TYPE = YES_ERROR;
				GCC_WARN_UNDECLARED_SELECTOR = YES;
				GCC_WARN_UNINITIALIZED_AUTOS = YES_AGGRESSIVE;
				GCC_WARN_UNUSED_FUNCTION = YES;
				GCC_WARN_UNUSED_VARIABLE = YES;
				IPHONEOS_DEPLOYMENT_TARGET = 16.2;
				MTL_ENABLE_DEBUG_INFO = INCLUDE_SOURCE;
				MTL_FAST_MATH = YES;
				ONLY_ACTIVE_ARCH = YES;
				SDKROOT = iphoneos;
				SWIFT_ACTIVE_COMPILATION_CONDITIONS = DEBUG;
				SWIFT_OPTIMIZATION_LEVEL = "-Onone";
			};
			name = Debug;
		};
		086013442990FB1E00B9F1F9 /* Release */ = {
			isa = XCBuildConfiguration;
			buildSettings = {
				ALWAYS_SEARCH_USER_PATHS = NO;
				CLANG_ANALYZER_NONNULL = YES;
				CLANG_ANALYZER_NUMBER_OBJECT_CONVERSION = YES_AGGRESSIVE;
				CLANG_CXX_LANGUAGE_STANDARD = "gnu++20";
				CLANG_ENABLE_MODULES = YES;
				CLANG_ENABLE_OBJC_ARC = YES;
				CLANG_ENABLE_OBJC_WEAK = YES;
				CLANG_WARN_BLOCK_CAPTURE_AUTORELEASING = YES;
				CLANG_WARN_BOOL_CONVERSION = YES;
				CLANG_WARN_COMMA = YES;
				CLANG_WARN_CONSTANT_CONVERSION = YES;
				CLANG_WARN_DEPRECATED_OBJC_IMPLEMENTATIONS = YES;
				CLANG_WARN_DIRECT_OBJC_ISA_USAGE = YES_ERROR;
				CLANG_WARN_DOCUMENTATION_COMMENTS = YES;
				CLANG_WARN_EMPTY_BODY = YES;
				CLANG_WARN_ENUM_CONVERSION = YES;
				CLANG_WARN_INFINITE_RECURSION = YES;
				CLANG_WARN_INT_CONVERSION = YES;
				CLANG_WARN_NON_LITERAL_NULL_CONVERSION = YES;
				CLANG_WARN_OBJC_IMPLICIT_RETAIN_SELF = YES;
				CLANG_WARN_OBJC_LITERAL_CONVERSION = YES;
				CLANG_WARN_OBJC_ROOT_CLASS = YES_ERROR;
				CLANG_WARN_QUOTED_INCLUDE_IN_FRAMEWORK_HEADER = YES;
				CLANG_WARN_RANGE_LOOP_ANALYSIS = YES;
				CLANG_WARN_STRICT_PROTOTYPES = YES;
				CLANG_WARN_SUSPICIOUS_MOVE = YES;
				CLANG_WARN_UNGUARDED_AVAILABILITY = YES_AGGRESSIVE;
				CLANG_WARN_UNREACHABLE_CODE = YES;
				CLANG_WARN__DUPLICATE_METHOD_MATCH = YES;
				COPY_PHASE_STRIP = NO;
				DEBUG_INFORMATION_FORMAT = "dwarf-with-dsym";
				ENABLE_NS_ASSERTIONS = NO;
				ENABLE_STRICT_OBJC_MSGSEND = YES;
				GCC_C_LANGUAGE_STANDARD = gnu11;
				GCC_NO_COMMON_BLOCKS = YES;
				GCC_WARN_64_TO_32_BIT_CONVERSION = YES;
				GCC_WARN_ABOUT_RETURN_TYPE = YES_ERROR;
				GCC_WARN_UNDECLARED_SELECTOR = YES;
				GCC_WARN_UNINITIALIZED_AUTOS = YES_AGGRESSIVE;
				GCC_WARN_UNUSED_FUNCTION = YES;
				GCC_WARN_UNUSED_VARIABLE = YES;
				IPHONEOS_DEPLOYMENT_TARGET = 16.2;
				MTL_ENABLE_DEBUG_INFO = NO;
				MTL_FAST_MATH = YES;
				SDKROOT = iphoneos;
				SWIFT_COMPILATION_MODE = wholemodule;
				SWIFT_OPTIMIZATION_LEVEL = "-O";
				VALIDATE_PRODUCT = YES;
			};
			name = Release;
		};
		086013462990FB1E00B9F1F9 /* Debug */ = {
			isa = XCBuildConfiguration;
			baseConfigurationReference = B8E5F3F8E17AE694CBB67C33 /* Pods-Messenger.debug.xcconfig */;
			buildSettings = {
				ASSETCATALOG_COMPILER_APPICON_NAME = AppIcon;
				ASSETCATALOG_COMPILER_GLOBAL_ACCENT_COLOR_NAME = AccentColor;
				CODE_SIGN_STYLE = Automatic;
				CURRENT_PROJECT_VERSION = 1;
				DEVELOPMENT_TEAM = 8Y7ZHM7VHA;
				GENERATE_INFOPLIST_FILE = YES;
				INFOPLIST_FILE = Messenger/Info.plist;
				INFOPLIST_KEY_UIApplicationSupportsIndirectInputEvents = YES;
				INFOPLIST_KEY_UILaunchStoryboardName = LaunchScreen;
				INFOPLIST_KEY_UIMainStoryboardFile = Main;
				INFOPLIST_KEY_UISupportedInterfaceOrientations = UIInterfaceOrientationPortrait;
				IPHONEOS_DEPLOYMENT_TARGET = 13.1;
				LD_RUNPATH_SEARCH_PATHS = (
					"$(inherited)",
					"@executable_path/Frameworks",
				);
				MARKETING_VERSION = 1.0;
				PRODUCT_BUNDLE_IDENTIFIER = Kasyanenko.Messenger;
				PRODUCT_NAME = "$(TARGET_NAME)";
				SUPPORTED_PLATFORMS = "iphoneos iphonesimulator";
				SUPPORTS_MACCATALYST = NO;
				SUPPORTS_MAC_DESIGNED_FOR_IPHONE_IPAD = NO;
				SWIFT_EMIT_LOC_STRINGS = YES;
				SWIFT_VERSION = 5.0;
				TARGETED_DEVICE_FAMILY = "1,2";
			};
			name = Debug;
		};
		086013472990FB1E00B9F1F9 /* Release */ = {
			isa = XCBuildConfiguration;
			baseConfigurationReference = A72DAAC6E1255945D53C27BD /* Pods-Messenger.release.xcconfig */;
			buildSettings = {
				ASSETCATALOG_COMPILER_APPICON_NAME = AppIcon;
				ASSETCATALOG_COMPILER_GLOBAL_ACCENT_COLOR_NAME = AccentColor;
				CODE_SIGN_STYLE = Automatic;
				CURRENT_PROJECT_VERSION = 1;
				DEVELOPMENT_TEAM = 8Y7ZHM7VHA;
				GENERATE_INFOPLIST_FILE = YES;
				INFOPLIST_FILE = Messenger/Info.plist;
				INFOPLIST_KEY_UIApplicationSupportsIndirectInputEvents = YES;
				INFOPLIST_KEY_UILaunchStoryboardName = LaunchScreen;
				INFOPLIST_KEY_UIMainStoryboardFile = Main;
				INFOPLIST_KEY_UISupportedInterfaceOrientations = UIInterfaceOrientationPortrait;
				IPHONEOS_DEPLOYMENT_TARGET = 13.1;
				LD_RUNPATH_SEARCH_PATHS = (
					"$(inherited)",
					"@executable_path/Frameworks",
				);
				MARKETING_VERSION = 1.0;
				PRODUCT_BUNDLE_IDENTIFIER = Kasyanenko.Messenger;
				PRODUCT_NAME = "$(TARGET_NAME)";
				SUPPORTED_PLATFORMS = "iphoneos iphonesimulator";
				SUPPORTS_MACCATALYST = NO;
				SUPPORTS_MAC_DESIGNED_FOR_IPHONE_IPAD = NO;
				SWIFT_EMIT_LOC_STRINGS = YES;
				SWIFT_VERSION = 5.0;
				TARGETED_DEVICE_FAMILY = "1,2";
			};
			name = Release;
		};
/* End XCBuildConfiguration section */

/* Begin XCConfigurationList section */
		0860132C2990FB1D00B9F1F9 /* Build configuration list for PBXProject "Messenger" */ = {
			isa = XCConfigurationList;
			buildConfigurations = (
				086013432990FB1E00B9F1F9 /* Debug */,
				086013442990FB1E00B9F1F9 /* Release */,
			);
			defaultConfigurationIsVisible = 0;
			defaultConfigurationName = Release;
		};
		086013452990FB1E00B9F1F9 /* Build configuration list for PBXNativeTarget "Messenger" */ = {
			isa = XCConfigurationList;
			buildConfigurations = (
				086013462990FB1E00B9F1F9 /* Debug */,
				086013472990FB1E00B9F1F9 /* Release */,
			);
			defaultConfigurationIsVisible = 0;
			defaultConfigurationName = Release;
		};
/* End XCConfigurationList section */
	};
	rootObject = 086013292990FB1D00B9F1F9 /* Project object */;
}
